{
    "_readme": [
        "This file locks the dependencies of your project to a known state",
        "Read more about it at https://getcomposer.org/doc/01-basic-usage.md#installing-dependencies",
        "This file is @generated automatically"
    ],
    "content-hash": "4d6bfc6cc9cfbefc6f8865a644f6325f",
    "packages": [
        {
            "name": "luecano/numero-a-letras",
            "version": "v2.0.0",
            "source": {
                "type": "git",
                "url": "https://github.com/lecano/php-numero-a-letras.git",
                "reference": "5d9280d34eeb3d3c35752a5b856831cff785c645"
            },
            "dist": {
                "type": "zip",
                "url": "https://api.github.com/repos/lecano/php-numero-a-letras/zipball/5d9280d34eeb3d3c35752a5b856831cff785c645",
                "reference": "5d9280d34eeb3d3c35752a5b856831cff785c645",
                "shasum": ""
            },
            "require": {
                "php": ">=5.6"
            },
            "require-dev": {
                "phpunit/phpunit": "9"
            },
            "type": "library",
            "autoload": {
                "psr-4": {
                    "Luecano\\NumeroALetras\\": "src/"
                }
            },
            "notification-url": "https://packagist.org/downloads/",
            "license": [
                "MIT"
            ],
            "authors": [
                {
                    "name": "Luis Cano",
                    "email": "luecano@gmail.com",
                    "homepage": "https://github.com/luecano/numero-a-letras",
                    "role": "Developer"
                }
            ],
            "description": "Convierte un número a letras.",
            "homepage": "https://github.com/luecano/numero-a-letras",
            "keywords": [
                "convertir",
                "facturacion",
                "letras",
                "numero",
                "sunat"
            ],
            "support": {
                "issues": "https://github.com/lecano/php-numero-a-letras/issues",
                "source": "https://github.com/lecano/php-numero-a-letras/tree/v2.0.0"
            },
            "time": "2020-04-23T23:11:01+00:00"
        }
    ],
    "packages-dev": [],
    "aliases": [],
    "minimum-stability": "stable",
    "stability-flags": [],
    "prefer-stable": false,
    "prefer-lowest": false,
    "platform": [],
    "platform-dev": [],
    "plugin-api-version": "2.6.0"
}
